
Microsoft Visual Studio Solution File, Format Version 12.00
# Visual Studio Version 16
VisualStudioVersion = 16.0.31424.327
MinimumVisualStudioVersion = 10.0.40219.1
Project("{9A19103F-16F7-4668-BE54-9A1E7A4F7556}") = "CRUD.Pessoas.API", "CRUD.Pessoas.API.csproj", "{A688887D-82F4-45C6-B87E-11CEBABFC4B9}"
EndProject
Global
	GlobalSection(SolutionConfigurationPlatforms) = preSolution
		Debug|Any CPU = Debug|Any CPU
		Release|Any CPU = Release|Any CPU
	EndGlobalSection
	GlobalSection(ProjectConfigurationPlatforms) = postSolution
		{A688887D-82F4-45C6-B87E-11CEBABFC4B9}.Debug|Any CPU.ActiveCfg = Debug|Any CPU
		{A688887D-82F4-45C6-B87E-11CEBABFC4B9}.Debug|Any CPU.Build.0 = Debug|Any CPU
		{A688887D-82F4-45C6-B87E-11CEBABFC4B9}.Release|Any CPU.ActiveCfg = Release|Any CPU
		{A688887D-82F4-45C6-B87E-11CEBABFC4B9}.Release|Any CPU.Build.0 = Release|Any CPU
	EndGlobalSection
	GlobalSection(SolutionProperties) = preSolution
		HideSolutionNode = FALSE
	EndGlobalSection
	GlobalSection(ExtensibilityGlobals) = postSolution
		SolutionGuid = {6FF2F4BA-69DF-4C87-A9DE-196751EBB984}
	EndGlobalSection
EndGlobal
